
Microsoft Visual Studio Solution File, Format Version 12.00
# Visual Studio Version 17
VisualStudioVersion = 17.11.35312.102
MinimumVisualStudioVersion = 10.0.40219.1
Project("{FAE04EC0-301F-11D3-BF4B-00C04F79EFBC}") = "CourseMenagment", "CourseMenagment\CourseMenagment.csproj", "{A332748D-BC6A-4C12-AA2F-E89D2BFBB560}"
EndProject
Global
	GlobalSection(SolutionConfigurationPlatforms) = preSolution
		Debug|Any CPU = Debug|Any CPU
		Release|Any CPU = Release|Any CPU
	EndGlobalSection
	GlobalSection(ProjectConfigurationPlatforms) = postSolution
		{A332748D-BC6A-4C12-AA2F-E89D2BFBB560}.Debug|Any CPU.ActiveCfg = Debug|Any CPU
		{A332748D-BC6A-4C12-AA2F-E89D2BFBB560}.Debug|Any CPU.Build.0 = Debug|Any CPU
		{A332748D-BC6A-4C12-AA2F-E89D2BFBB560}.Release|Any CPU.ActiveCfg = Release|Any CPU
		{A332748D-BC6A-4C12-AA2F-E89D2BFBB560}.Release|Any CPU.Build.0 = Release|Any CPU
	EndGlobalSection
	GlobalSection(SolutionProperties) = preSolution
		HideSolutionNode = FALSE
	EndGlobalSection
	GlobalSection(ExtensibilityGlobals) = postSolution
		SolutionGuid = {32642AF6-DAE0-43A8-87FE-73ACF1859CBA}
	EndGlobalSection
EndGlobal
